
Microsoft Visual Studio Solution File, Format Version 12.00
# Visual Studio Version 17
VisualStudioVersion = 17.9.34714.143
MinimumVisualStudioVersion = 10.0.40219.1
Project("{9A19103F-16F7-4668-BE54-9A1E7A4F7556}") = "Lab10", "Lab10\Lab10.csproj", "{84E63CB1-6827-49C3-9E6A-C4DF4077AC0E}"
EndProject
Project("{2150E333-8FDC-42A3-9474-1A3956D46DE8}") = "Solution Items", "Solution Items", "{88579547-4385-4C67-9EC4-14A07974C27F}"
	ProjectSection(SolutionItems) = preProject
		Lab10\fTown.cs = Lab10\fTown.cs
	EndProjectSection
EndProject
Global
	GlobalSection(SolutionConfigurationPlatforms) = preSolution
		Debug|Any CPU = Debug|Any CPU
		Release|Any CPU = Release|Any CPU
	EndGlobalSection
	GlobalSection(ProjectConfigurationPlatforms) = postSolution
		{84E63CB1-6827-49C3-9E6A-C4DF4077AC0E}.Debug|Any CPU.ActiveCfg = Debug|Any CPU
		{84E63CB1-6827-49C3-9E6A-C4DF4077AC0E}.Debug|Any CPU.Build.0 = Debug|Any CPU
		{84E63CB1-6827-49C3-9E6A-C4DF4077AC0E}.Release|Any CPU.ActiveCfg = Release|Any CPU
		{84E63CB1-6827-49C3-9E6A-C4DF4077AC0E}.Release|Any CPU.Build.0 = Release|Any CPU
	EndGlobalSection
	GlobalSection(SolutionProperties) = preSolution
		HideSolutionNode = FALSE
	EndGlobalSection
	GlobalSection(ExtensibilityGlobals) = postSolution
		SolutionGuid = {5BE19FEE-A7F6-4AFF-AA39-85252ED46DE9}
	EndGlobalSection
EndGlobal
